
Microsoft Visual Studio Solution File, Format Version 12.00
# Visual Studio Version 17
VisualStudioVersion = 17.6.33801.468
MinimumVisualStudioVersion = 10.0.40219.1
Project("{9A19103F-16F7-4668-BE54-9A1E7A4F7556}") = "BookCatalogWeb", "BookCatalogWeb\BookCatalogWeb.csproj", "{5A33EB98-A6C0-4EE3-8674-9EAC2BD761E0}"
EndProject
Project("{9A19103F-16F7-4668-BE54-9A1E7A4F7556}") = "BookCatalog.DataAccess", "BookCatalog.DataAccess\BookCatalog.DataAccess.csproj", "{79AE79D4-0916-42BB-8894-9A6A0F2CF3CF}"
EndProject
Project("{9A19103F-16F7-4668-BE54-9A1E7A4F7556}") = "BookCatalog.Models", "BookCatalog.Models\BookCatalog.Models.csproj", "{DAC0072B-F3AE-498A-980D-5AC8E8C06D8F}"
EndProject
Project("{9A19103F-16F7-4668-BE54-9A1E7A4F7556}") = "BookCatalog.Utility", "BookCatalog.Utility\BookCatalog.Utility.csproj", "{15C36E73-892A-4C5A-9DD4-B12347CB0EAE}"
EndProject
Project("{FAE04EC0-301F-11D3-BF4B-00C04F79EFBC}") = "BookCatalogWeb.Tests", "BookCatalogWeb.Tests\BookCatalogWeb.Tests.csproj", "{8D764891-0FA0-4DBD-AFF2-2A0C32FCBDDE}"
EndProject
Global
	GlobalSection(SolutionConfigurationPlatforms) = preSolution
		Debug|Any CPU = Debug|Any CPU
		Release|Any CPU = Release|Any CPU
	EndGlobalSection
	GlobalSection(ProjectConfigurationPlatforms) = postSolution
		{5A33EB98-A6C0-4EE3-8674-9EAC2BD761E0}.Debug|Any CPU.ActiveCfg = Debug|Any CPU
		{5A33EB98-A6C0-4EE3-8674-9EAC2BD761E0}.Debug|Any CPU.Build.0 = Debug|Any CPU
		{5A33EB98-A6C0-4EE3-8674-9EAC2BD761E0}.Release|Any CPU.ActiveCfg = Release|Any CPU
		{5A33EB98-A6C0-4EE3-8674-9EAC2BD761E0}.Release|Any CPU.Build.0 = Release|Any CPU
		{79AE79D4-0916-42BB-8894-9A6A0F2CF3CF}.Debug|Any CPU.ActiveCfg = Debug|Any CPU
		{79AE79D4-0916-42BB-8894-9A6A0F2CF3CF}.Debug|Any CPU.Build.0 = Debug|Any CPU
		{79AE79D4-0916-42BB-8894-9A6A0F2CF3CF}.Release|Any CPU.ActiveCfg = Release|Any CPU
		{79AE79D4-0916-42BB-8894-9A6A0F2CF3CF}.Release|Any CPU.Build.0 = Release|Any CPU
		{DAC0072B-F3AE-498A-980D-5AC8E8C06D8F}.Debug|Any CPU.ActiveCfg = Debug|Any CPU
		{DAC0072B-F3AE-498A-980D-5AC8E8C06D8F}.Debug|Any CPU.Build.0 = Debug|Any CPU
		{DAC0072B-F3AE-498A-980D-5AC8E8C06D8F}.Release|Any CPU.ActiveCfg = Release|Any CPU
		{DAC0072B-F3AE-498A-980D-5AC8E8C06D8F}.Release|Any CPU.Build.0 = Release|Any CPU
		{15C36E73-892A-4C5A-9DD4-B12347CB0EAE}.Debug|Any CPU.ActiveCfg = Debug|Any CPU
		{15C36E73-892A-4C5A-9DD4-B12347CB0EAE}.Debug|Any CPU.Build.0 = Debug|Any CPU
		{15C36E73-892A-4C5A-9DD4-B12347CB0EAE}.Release|Any CPU.ActiveCfg = Release|Any CPU
		{15C36E73-892A-4C5A-9DD4-B12347CB0EAE}.Release|Any CPU.Build.0 = Release|Any CPU
		{8D764891-0FA0-4DBD-AFF2-2A0C32FCBDDE}.Debug|Any CPU.ActiveCfg = Debug|Any CPU
		{8D764891-0FA0-4DBD-AFF2-2A0C32FCBDDE}.Debug|Any CPU.Build.0 = Debug|Any CPU
		{8D764891-0FA0-4DBD-AFF2-2A0C32FCBDDE}.Release|Any CPU.ActiveCfg = Release|Any CPU
		{8D764891-0FA0-4DBD-AFF2-2A0C32FCBDDE}.Release|Any CPU.Build.0 = Release|Any CPU
	EndGlobalSection
	GlobalSection(SolutionProperties) = preSolution
		HideSolutionNode = FALSE
	EndGlobalSection
	GlobalSection(ExtensibilityGlobals) = postSolution
		SolutionGuid = {657BDFB1-C7F5-4C04-8320-4A42CFEF1EC4}
	EndGlobalSection
EndGlobal
